# This file is generated by running "yarn install" inside your project.
# Manual changes might be lost - proceed with caution!

__metadata:
  version: 8
  cacheKey: 10c0

"@types/aws-lambda@npm:8.10.161":
  version: 8.10.161
  resolution: "@types/aws-lambda@npm:8.10.161"
  checksum: 10c0/5a779901bb29a1989fe0ef30e4a515522af8fc66c237e0eedc954ab650651920540196b4629df25068c130a05a2a6142f661db7e26c7fbacc17ce11338367eb1
  languageName: node
  linkType: hard

"@types/bun@npm:latest":
  version: 1.3.13
  resolution: "@types/bun@npm:1.3.13"
  dependencies:
    bun-types: "npm:1.3.13"
  checksum: 10c0/02e7229d3e1b51a5a001800da38644f860fdb9f273956bee5c2f9068cd2aec4fd493fc20ce03d0c4bd62838ddddd69d5cb36747301c9db878eb7679808125cb5
  languageName: node
  linkType: hard

"@types/node@npm:*":
  version: 25.6.2
  resolution: "@types/node@npm:25.6.2"
  dependencies:
    undici-types: "npm:~7.19.0"
  checksum: 10c0/7f540331aa3ab88c285aeaf2eb43e3992f54f0cdb7f3593d156af67b199d4eaf56590fa1c310a00aa58ff69dba668cb3915a157fe83cd6b40a73bb338a12f09a
  languageName: node
  linkType: hard

"bun-types@npm:1.3.13":
  version: 1.3.13
  resolution: "bun-types@npm:1.3.13"
  dependencies:
    "@types/node": "npm:*"
  checksum: 10c0/27dd2d002df056f729cf1fe5cf2bca3980389d0b019a30dc658f10cf40a5a5a7a3b4966afd030c4d94ac7cc019dfd28bbdc8852dcc3d5fc13d4d5b99864d9e9d
  languageName: node
  linkType: hard

"monitor@workspace:.":
  version: 0.0.0-use.local
  resolution: "monitor@workspace:."
  dependencies:
    "@types/aws-lambda": "npm:8.10.161"
    "@types/bun": "npm:latest"
  peerDependencies:
    typescript: ^5
  languageName: unknown
  linkType: soft

"undici-types@npm:~7.19.0":
  version: 7.19.2
  resolution: "undici-types@npm:7.19.2"
  checksum: 10c0/7159f10546f9f6c47d36776bb1bbf8671e87c1e587a6fee84ae1f111ae8de4f914efa8ca0dfcd224f4f4a9dfc3f6028f627ccb5ddaccf82d7fd54671b89fac3e
  languageName: node
  linkType: hard
